
Microsoft Visual Studio Solution File, Format Version 12.00
Project("{FAE04EC0-301F-11D3-BF4B-00C04F79EFBC}") = "10. Easy Examples", "10. Easy Examples\10. Easy Examples.csproj", "{167D26F7-D671-4928-A451-E360BE4D0B68}"
EndProject
Global
	GlobalSection(SolutionConfigurationPlatforms) = preSolution
		Debug|Any CPU = Debug|Any CPU
		Release|Any CPU = Release|Any CPU
	EndGlobalSection
	GlobalSection(ProjectConfigurationPlatforms) = postSolution
		{167D26F7-D671-4928-A451-E360BE4D0B68}.Debug|Any CPU.ActiveCfg = Debug|Any CPU
		{167D26F7-D671-4928-A451-E360BE4D0B68}.Debug|Any CPU.Build.0 = Debug|Any CPU
		{167D26F7-D671-4928-A451-E360BE4D0B68}.Release|Any CPU.ActiveCfg = Release|Any CPU
		{167D26F7-D671-4928-A451-E360BE4D0B68}.Release|Any CPU.Build.0 = Release|Any CPU
	EndGlobalSection
EndGlobal
